// !$*UTF8*$!
{
	archiveVersion = 1;
	classes = {
	};
	objectVersion = 50;
	objects = {

/* Begin PBXBuildFile section */
		ADA504D623B8653800E459C5 /* GFTextField.swift in Sources */ = {isa = PBXBuildFile; fileRef = ADA504D523B8653800E459C5 /* GFTextField.swift */; };
		ADC8FE0E23BC4F4A00F0AA8A /* FollowerListVC.swift in Sources */ = {isa = PBXBuildFile; fileRef = ADC8FE0D23BC4F4A00F0AA8A /* FollowerListVC.swift */; };
		ADC8FE1023BC540A00F0AA8A /* GFTitleLabel.swift in Sources */ = {isa = PBXBuildFile; fileRef = ADC8FE0F23BC540A00F0AA8A /* GFTitleLabel.swift */; };
		ADC8FE1423BC561C00F0AA8A /* GFAlertVC.swift in Sources */ = {isa = PBXBuildFile; fileRef = ADC8FE1323BC561C00F0AA8A /* GFAlertVC.swift */; };
		ADC8FE1723BD0AFD00F0AA8A /* UIViewController+Ext.swift in Sources */ = {isa = PBXBuildFile; fileRef = ADC8FE1623BD0AFD00F0AA8A /* UIViewController+Ext.swift */; };
		ADC8FE1B23BD0F7800F0AA8A /* GFBodyLabel.swift in Sources */ = {isa = PBXBuildFile; fileRef = ADC8FE1A23BD0F7800F0AA8A /* GFBodyLabel.swift */; };
		ADC8FE2023BD1F4800F0AA8A /* Follower.swift in Sources */ = {isa = PBXBuildFile; fileRef = ADC8FE1F23BD1F4800F0AA8A /* Follower.swift */; };
		ADC8FE2223BD201300F0AA8A /* User.swift in Sources */ = {isa = PBXBuildFile; fileRef = ADC8FE2123BD201300F0AA8A /* User.swift */; };
		ADE69E9F23B82A9700EAE27C /* AppDelegate.swift in Sources */ = {isa = PBXBuildFile; fileRef = ADE69E9E23B82A9700EAE27C /* AppDelegate.swift */; };
		ADE69EA123B82A9700EAE27C /* SceneDelegate.swift in Sources */ = {isa = PBXBuildFile; fileRef = ADE69EA023B82A9700EAE27C /* SceneDelegate.swift */; };
		ADE69EA823B82A9900EAE27C /* Assets.xcassets in Resources */ = {isa = PBXBuildFile; fileRef = ADE69EA723B82A9900EAE27C /* Assets.xcassets */; };
		ADE69EAB23B82A9900EAE27C /* LaunchScreen.storyboard in Resources */ = {isa = PBXBuildFile; fileRef = ADE69EA923B82A9900EAE27C /* LaunchScreen.storyboard */; };
		ADE69EB323B84A6E00EAE27C /* SearchVC.swift in Sources */ = {isa = PBXBuildFile; fileRef = ADE69EB223B84A6E00EAE27C /* SearchVC.swift */; };
		ADE69EB523B84A9F00EAE27C /* FavouritesListVC.swift in Sources */ = {isa = PBXBuildFile; fileRef = ADE69EB423B84A9F00EAE27C /* FavouritesListVC.swift */; };
		ADE69EB723B85ED600EAE27C /* GFButton.swift in Sources */ = {isa = PBXBuildFile; fileRef = ADE69EB623B85ED600EAE27C /* GFButton.swift */; };
/* End PBXBuildFile section */

/* Begin PBXFileReference section */
		ADA504D523B8653800E459C5 /* GFTextField.swift */ = {isa = PBXFileReference; lastKnownFileType = sourcecode.swift; path = GFTextField.swift; sourceTree = "<group>"; };
		ADC8FE0D23BC4F4A00F0AA8A /* FollowerListVC.swift */ = {isa = PBXFileReference; lastKnownFileType = sourcecode.swift; path = FollowerListVC.swift; sourceTree = "<group>"; };
		ADC8FE0F23BC540A00F0AA8A /* GFTitleLabel.swift */ = {isa = PBXFileReference; lastKnownFileType = sourcecode.swift; path = GFTitleLabel.swift; sourceTree = "<group>"; };
		ADC8FE1323BC561C00F0AA8A /* GFAlertVC.swift */ = {isa = PBXFileReference; lastKnownFileType = sourcecode.swift; path = GFAlertVC.swift; sourceTree = "<group>"; };
		ADC8FE1623BD0AFD00F0AA8A /* UIViewController+Ext.swift */ = {isa = PBXFileReference; lastKnownFileType = sourcecode.swift; path = "UIViewController+Ext.swift"; sourceTree = "<group>"; };
		ADC8FE1A23BD0F7800F0AA8A /* GFBodyLabel.swift */ = {isa = PBXFileReference; lastKnownFileType = sourcecode.swift; path = GFBodyLabel.swift; sourceTree = "<group>"; };
		ADC8FE1F23BD1F4800F0AA8A /* Follower.swift */ = {isa = PBXFileReference; lastKnownFileType = sourcecode.swift; path = Follower.swift; sourceTree = "<group>"; };
		ADC8FE2123BD201300F0AA8A /* User.swift */ = {isa = PBXFileReference; lastKnownFileType = sourcecode.swift; path = User.swift; sourceTree = "<group>"; };
		ADE69E9B23B82A9700EAE27C /* GitViewer.app */ = {isa = PBXFileReference; explicitFileType = wrapper.application; includeInIndex = 0; path = GitViewer.app; sourceTree = BUILT_PRODUCTS_DIR; };
		ADE69E9E23B82A9700EAE27C /* AppDelegate.swift */ = {isa = PBXFileReference; lastKnownFileType = sourcecode.swift; path = AppDelegate.swift; sourceTree = "<group>"; };
		ADE69EA023B82A9700EAE27C /* SceneDelegate.swift */ = {isa = PBXFileReference; lastKnownFileType = sourcecode.swift; path = SceneDelegate.swift; sourceTree = "<group>"; };
		ADE69EA723B82A9900EAE27C /* Assets.xcassets */ = {isa = PBXFileReference; lastKnownFileType = folder.assetcatalog; path = Assets.xcassets; sourceTree = "<group>"; };
		ADE69EAA23B82A9900EAE27C /* Base */ = {isa = PBXFileReference; lastKnownFileType = file.storyboard; name = Base; path = Base.lproj/LaunchScreen.storyboard; sourceTree = "<group>"; };
		ADE69EAC23B82A9900EAE27C /* Info.plist */ = {isa = PBXFileReference; lastKnownFileType = text.plist.xml; path = Info.plist; sourceTree = "<group>"; };
		ADE69EB223B84A6E00EAE27C /* SearchVC.swift */ = {isa = PBXFileReference; lastKnownFileType = sourcecode.swift; path = SearchVC.swift; sourceTree = "<group>"; };
		ADE69EB423B84A9F00EAE27C /* FavouritesListVC.swift */ = {isa = PBXFileReference; lastKnownFileType = sourcecode.swift; path = FavouritesListVC.swift; sourceTree = "<group>"; };
		ADE69EB623B85ED600EAE27C /* GFButton.swift */ = {isa = PBXFileReference; lastKnownFileType = sourcecode.swift; path = GFButton.swift; sourceTree = "<group>"; };
/* End PBXFileReference section */

/* Begin PBXFrameworksBuildPhase section */
		ADE69E9823B82A9700EAE27C /* Frameworks */ = {
			isa = PBXFrameworksBuildPhase;
			buildActionMask = 2147483647;
			files = (
			);
			runOnlyForDeploymentPostprocessing = 0;
		};
/* End PBXFrameworksBuildPhase section */

/* Begin PBXGroup section */
		AD65682423C1922B0083887C /* Support */ = {
			isa = PBXGroup;
			children = (
				ADE69E9E23B82A9700EAE27C /* AppDelegate.swift */,
				ADE69EA023B82A9700EAE27C /* SceneDelegate.swift */,
				ADE69EA723B82A9900EAE27C /* Assets.xcassets */,
				ADE69EA923B82A9900EAE27C /* LaunchScreen.storyboard */,
			);
			path = Support;
			sourceTree = "<group>";
		};
		ADC8FE1523BD0AEE00F0AA8A /* Extension */ = {
			isa = PBXGroup;
			children = (
				ADC8FE1623BD0AFD00F0AA8A /* UIViewController+Ext.swift */,
			);
			path = Extension;
			sourceTree = "<group>";
		};
		ADC8FE1823BD0F3D00F0AA8A /* ViewController */ = {
			isa = PBXGroup;
			children = (
				ADC8FE1323BC561C00F0AA8A /* GFAlertVC.swift */,
			);
			path = ViewController;
			sourceTree = "<group>";
		};
		ADC8FE1923BD0F4700F0AA8A /* Label */ = {
			isa = PBXGroup;
			children = (
				ADC8FE1A23BD0F7800F0AA8A /* GFBodyLabel.swift */,
				ADC8FE0F23BC540A00F0AA8A /* GFTitleLabel.swift */,
			);
			path = Label;
			sourceTree = "<group>";
		};
		ADC8FE1C23BD0F8400F0AA8A /* Button */ = {
			isa = PBXGroup;
			children = (
				ADE69EB623B85ED600EAE27C /* GFButton.swift */,
			);
			path = Button;
			sourceTree = "<group>";
		};
		ADC8FE1D23BD0F9200F0AA8A /* TextField */ = {
			isa = PBXGroup;
			children = (
				ADA504D523B8653800E459C5 /* GFTextField.swift */,
			);
			path = TextField;
			sourceTree = "<group>";
		};
		ADC8FE1E23BD1E3300F0AA8A /* Model */ = {
			isa = PBXGroup;
			children = (
				ADC8FE1F23BD1F4800F0AA8A /* Follower.swift */,
				ADC8FE2123BD201300F0AA8A /* User.swift */,
			);
			path = Model;
			sourceTree = "<group>";
		};
		ADE69E9223B82A9700EAE27C = {
			isa = PBXGroup;
			children = (
				ADE69E9D23B82A9700EAE27C /* GitViewer */,
				ADE69E9C23B82A9700EAE27C /* Products */,
			);
			sourceTree = "<group>";
		};
		ADE69E9C23B82A9700EAE27C /* Products */ = {
			isa = PBXGroup;
			children = (
				ADE69E9B23B82A9700EAE27C /* GitViewer.app */,
			);
			name = Products;
			sourceTree = "<group>";
		};
		ADE69E9D23B82A9700EAE27C /* GitViewer */ = {
			isa = PBXGroup;
			children = (
				ADC8FE1E23BD1E3300F0AA8A /* Model */,
				ADE69EB923B85EFB00EAE27C /* Screens */,
				ADE69EB823B85EF000EAE27C /* CustomViews */,
				ADC8FE1523BD0AEE00F0AA8A /* Extension */,
				AD65682423C1922B0083887C /* Support */,
				ADE69EAC23B82A9900EAE27C /* Info.plist */,
			);
			path = GitViewer;
			sourceTree = "<group>";
		};
		ADE69EB823B85EF000EAE27C /* CustomViews */ = {
			isa = PBXGroup;
			children = (
				ADC8FE1D23BD0F9200F0AA8A /* TextField */,
				ADC8FE1C23BD0F8400F0AA8A /* Button */,
				ADC8FE1923BD0F4700F0AA8A /* Label */,
				ADC8FE1823BD0F3D00F0AA8A /* ViewController */,
			);
			path = CustomViews;
			sourceTree = "<group>";
		};
		ADE69EB923B85EFB00EAE27C /* Screens */ = {
			isa = PBXGroup;
			children = (
				ADE69EB223B84A6E00EAE27C /* SearchVC.swift */,
				ADE69EB423B84A9F00EAE27C /* FavouritesListVC.swift */,
				ADC8FE0D23BC4F4A00F0AA8A /* FollowerListVC.swift */,
			);
			path = Screens;
			sourceTree = "<group>";
		};
/* End PBXGroup section */

/* Begin PBXNativeTarget section */
		ADE69E9A23B82A9700EAE27C /* GitViewer */ = {
			isa = PBXNativeTarget;
			buildConfigurationList = ADE69EAF23B82A9900EAE27C /* Build configuration list for PBXNativeTarget "GitViewer" */;
			buildPhases = (
				ADE69E9723B82A9700EAE27C /* Sources */,
				ADE69E9823B82A9700EAE27C /* Frameworks */,
				ADE69E9923B82A9700EAE27C /* Resources */,
			);
			buildRules = (
			);
			dependencies = (
			);
			name = GitViewer;
			productName = GitViewer;
			productReference = ADE69E9B23B82A9700EAE27C /* GitViewer.app */;
			productType = "com.apple.product-type.application";
		};
/* End PBXNativeTarget section */

/* Begin PBXProject section */
		ADE69E9323B82A9700EAE27C /* Project object */ = {
			isa = PBXProject;
			attributes = {
				LastSwiftUpdateCheck = 1130;
				LastUpgradeCheck = 1130;
				ORGANIZATIONNAME = "Khalid Rahman";
				TargetAttributes = {
					ADE69E9A23B82A9700EAE27C = {
						CreatedOnToolsVersion = 11.3;
					};
				};
			};
			buildConfigurationList = ADE69E9623B82A9700EAE27C /* Build configuration list for PBXProject "GitViewer" */;
			compatibilityVersion = "Xcode 9.3";
			developmentRegion = en;
			hasScannedForEncodings = 0;
			knownRegions = (
				en,
				Base,
			);
			mainGroup = ADE69E9223B82A9700EAE27C;
			productRefGroup = ADE69E9C23B82A9700EAE27C /* Products */;
			projectDirPath = "";
			projectRoot = "";
			targets = (
				ADE69E9A23B82A9700EAE27C /* GitViewer */,
			);
		};
/* End PBXProject section */

/* Begin PBXResourcesBuildPhase section */
		ADE69E9923B82A9700EAE27C /* Resources */ = {
			isa = PBXResourcesBuildPhase;
			buildActionMask = 2147483647;
			files = (
				ADE69EAB23B82A9900EAE27C /* LaunchScreen.storyboard in Resources */,
				ADE69EA823B82A9900EAE27C /* Assets.xcassets in Resources */,
			);
			runOnlyForDeploymentPostprocessing = 0;
		};
/* End PBXResourcesBuildPhase section */

/* Begin PBXSourcesBuildPhase section */
		ADE69E9723B82A9700EAE27C /* Sources */ = {
			isa = PBXSourcesBuildPhase;
			buildActionMask = 2147483647;
			files = (
				ADC8FE2223BD201300F0AA8A /* User.swift in Sources */,
				ADA504D623B8653800E459C5 /* GFTextField.swift in Sources */,
				ADE69EB323B84A6E00EAE27C /* SearchVC.swift in Sources */,
				ADE69EB723B85ED600EAE27C /* GFButton.swift in Sources */,
				ADC8FE1723BD0AFD00F0AA8A /* UIViewController+Ext.swift in Sources */,
				ADE69E9F23B82A9700EAE27C /* AppDelegate.swift in Sources */,
				ADC8FE1423BC561C00F0AA8A /* GFAlertVC.swift in Sources */,
				ADC8FE1023BC540A00F0AA8A /* GFTitleLabel.swift in Sources */,
				ADC8FE2023BD1F4800F0AA8A /* Follower.swift in Sources */,
				ADC8FE1B23BD0F7800F0AA8A /* GFBodyLabel.swift in Sources */,
				ADC8FE0E23BC4F4A00F0AA8A /* FollowerListVC.swift in Sources */,
				ADE69EB523B84A9F00EAE27C /* FavouritesListVC.swift in Sources */,
				ADE69EA123B82A9700EAE27C /* SceneDelegate.swift in Sources */,
			);
			runOnlyForDeploymentPostprocessing = 0;
		};
/* End PBXSourcesBuildPhase section */

/* Begin PBXVariantGroup section */
		ADE69EA923B82A9900EAE27C /* LaunchScreen.storyboard */ = {
			isa = PBXVariantGroup;
			children = (
				ADE69EAA23B82A9900EAE27C /* Base */,
			);
			name = LaunchScreen.storyboard;
			sourceTree = "<group>";
		};
/* End PBXVariantGroup section */

/* Begin XCBuildConfiguration section */
		ADE69EAD23B82A9900EAE27C /* Debug */ = {
			isa = XCBuildConfiguration;
			buildSettings = {
				ALWAYS_SEARCH_USER_PATHS = NO;
				CLANG_ANALYZER_NONNULL = YES;
				CLANG_ANALYZER_NUMBER_OBJECT_CONVERSION = YES_AGGRESSIVE;
				CLANG_CXX_LANGUAGE_STANDARD = "gnu++14";
				CLANG_CXX_LIBRARY = "libc++";
				CLANG_ENABLE_MODULES = YES;
				CLANG_ENABLE_OBJC_ARC = YES;
				CLANG_ENABLE_OBJC_WEAK = YES;
				CLANG_WARN_BLOCK_CAPTURE_AUTORELEASING = YES;
				CLANG_WARN_BOOL_CONVERSION = YES;
				CLANG_WARN_COMMA = YES;
				CLANG_WARN_CONSTANT_CONVERSION = YES;
				CLANG_WARN_DEPRECATED_OBJC_IMPLEMENTATIONS = YES;
				CLANG_WARN_DIRECT_OBJC_ISA_USAGE = YES_ERROR;
				CLANG_WARN_DOCUMENTATION_COMMENTS = YES;
				CLANG_WARN_EMPTY_BODY = YES;
				CLANG_WARN_ENUM_CONVERSION = YES;
				CLANG_WARN_INFINITE_RECURSION = YES;
				CLANG_WARN_INT_CONVERSION = YES;
				CLANG_WARN_NON_LITERAL_NULL_CONVERSION = YES;
				CLANG_WARN_OBJC_IMPLICIT_RETAIN_SELF = YES;
				CLANG_WARN_OBJC_LITERAL_CONVERSION = YES;
				CLANG_WARN_OBJC_ROOT_CLASS = YES_ERROR;
				CLANG_WARN_RANGE_LOOP_ANALYSIS = YES;
				CLANG_WARN_STRICT_PROTOTYPES = YES;
				CLANG_WARN_SUSPICIOUS_MOVE = YES;
				CLANG_WARN_UNGUARDED_AVAILABILITY = YES_AGGRESSIVE;
				CLANG_WARN_UNREACHABLE_CODE = YES;
				CLANG_WARN__DUPLICATE_METHOD_MATCH = YES;
				COPY_PHASE_STRIP = NO;
				DEBUG_INFORMATION_FORMAT = dwarf;
				ENABLE_STRICT_OBJC_MSGSEND = YES;
				ENABLE_TESTABILITY = YES;
				GCC_C_LANGUAGE_STANDARD = gnu11;
				GCC_DYNAMIC_NO_PIC = NO;
				GCC_NO_COMMON_BLOCKS = YES;
				GCC_OPTIMIZATION_LEVEL = 0;
				GCC_PREPROCESSOR_DEFINITIONS = (
					"DEBUG=1",
					"$(inherited)",
				);
				GCC_WARN_64_TO_32_BIT_CONVERSION = YES;
				GCC_WARN_ABOUT_RETURN_TYPE = YES_ERROR;
				GCC_WARN_UNDECLARED_SELECTOR = YES;
				GCC_WARN_UNINITIALIZED_AUTOS = YES_AGGRESSIVE;
				GCC_WARN_UNUSED_FUNCTION = YES;
				GCC_WARN_UNUSED_VARIABLE = YES;
				IPHONEOS_DEPLOYMENT_TARGET = 13.2;
				MTL_ENABLE_DEBUG_INFO = INCLUDE_SOURCE;
				MTL_FAST_MATH = YES;
				ONLY_ACTIVE_ARCH = YES;
				SDKROOT = iphoneos;
				SWIFT_ACTIVE_COMPILATION_CONDITIONS = DEBUG;
				SWIFT_OPTIMIZATION_LEVEL = "-Onone";
			};
			name = Debug;
		};
		ADE69EAE23B82A9900EAE27C /* Release */ = {
			isa = XCBuildConfiguration;
			buildSettings = {
				ALWAYS_SEARCH_USER_PATHS = NO;
				CLANG_ANALYZER_NONNULL = YES;
				CLANG_ANALYZER_NUMBER_OBJECT_CONVERSION = YES_AGGRESSIVE;
				CLANG_CXX_LANGUAGE_STANDARD = "gnu++14";
				CLANG_CXX_LIBRARY = "libc++";
				CLANG_ENABLE_MODULES = YES;
				CLANG_ENABLE_OBJC_ARC = YES;
				CLANG_ENABLE_OBJC_WEAK = YES;
				CLANG_WARN_BLOCK_CAPTURE_AUTORELEASING = YES;
				CLANG_WARN_BOOL_CONVERSION = YES;
				CLANG_WARN_COMMA = YES;
				CLANG_WARN_CONSTANT_CONVERSION = YES;
				CLANG_WARN_DEPRECATED_OBJC_IMPLEMENTATIONS = YES;
				CLANG_WARN_DIRECT_OBJC_ISA_USAGE = YES_ERROR;
				CLANG_WARN_DOCUMENTATION_COMMENTS = YES;
				CLANG_WARN_EMPTY_BODY = YES;
				CLANG_WARN_ENUM_CONVERSION = YES;
				CLANG_WARN_INFINITE_RECURSION = YES;
				CLANG_WARN_INT_CONVERSION = YES;
				CLANG_WARN_NON_LITERAL_NULL_CONVERSION = YES;
				CLANG_WARN_OBJC_IMPLICIT_RETAIN_SELF = YES;
				CLANG_WARN_OBJC_LITERAL_CONVERSION = YES;
				CLANG_WARN_OBJC_ROOT_CLASS = YES_ERROR;
				CLANG_WARN_RANGE_LOOP_ANALYSIS = YES;
				CLANG_WARN_STRICT_PROTOTYPES = YES;
				CLANG_WARN_SUSPICIOUS_MOVE = YES;
				CLANG_WARN_UNGUARDED_AVAILABILITY = YES_AGGRESSIVE;
				CLANG_WARN_UNREACHABLE_CODE = YES;
				CLANG_WARN__DUPLICATE_METHOD_MATCH = YES;
				COPY_PHASE_STRIP = NO;
				DEBUG_INFORMATION_FORMAT = "dwarf-with-dsym";
				ENABLE_NS_ASSERTIONS = NO;
				ENABLE_STRICT_OBJC_MSGSEND = YES;
				GCC_C_LANGUAGE_STANDARD = gnu11;
				GCC_NO_COMMON_BLOCKS = YES;
				GCC_WARN_64_TO_32_BIT_CONVERSION = YES;
				GCC_WARN_ABOUT_RETURN_TYPE = YES_ERROR;
				GCC_WARN_UNDECLARED_SELECTOR = YES;
				GCC_WARN_UNINITIALIZED_AUTOS = YES_AGGRESSIVE;
				GCC_WARN_UNUSED_FUNCTION = YES;
				GCC_WARN_UNUSED_VARIABLE = YES;
				IPHONEOS_DEPLOYMENT_TARGET = 13.2;
				MTL_ENABLE_DEBUG_INFO = NO;
				MTL_FAST_MATH = YES;
				SDKROOT = iphoneos;
				SWIFT_COMPILATION_MODE = wholemodule;
				SWIFT_OPTIMIZATION_LEVEL = "-O";
				VALIDATE_PRODUCT = YES;
			};
			name = Release;
		};
		ADE69EB023B82A9900EAE27C /* Debug */ = {
			isa = XCBuildConfiguration;
			buildSettings = {
				ASSETCATALOG_COMPILER_APPICON_NAME = AppIcon;
				CODE_SIGN_STYLE = Automatic;
				DEVELOPMENT_TEAM = R75K7484GE;
				INFOPLIST_FILE = GitViewer/Info.plist;
				IPHONEOS_DEPLOYMENT_TARGET = 13.0;
				LD_RUNPATH_SEARCH_PATHS = (
					"$(inherited)",
					"@executable_path/Frameworks",
				);
				PRODUCT_BUNDLE_IDENTIFIER = co.codegurus.GitViewer;
				PRODUCT_NAME = "$(TARGET_NAME)";
				SWIFT_VERSION = 5.0;
				TARGETED_DEVICE_FAMILY = 1;
			};
			name = Debug;
		};
		ADE69EB123B82A9900EAE27C /* Release */ = {
			isa = XCBuildConfiguration;
			buildSettings = {
				ASSETCATALOG_COMPILER_APPICON_NAME = AppIcon;
				CODE_SIGN_STYLE = Automatic;
				DEVELOPMENT_TEAM = R75K7484GE;
				INFOPLIST_FILE = GitViewer/Info.plist;
				IPHONEOS_DEPLOYMENT_TARGET = 13.0;
				LD_RUNPATH_SEARCH_PATHS = (
					"$(inherited)",
					"@executable_path/Frameworks",
				);
				PRODUCT_BUNDLE_IDENTIFIER = co.codegurus.GitViewer;
				PRODUCT_NAME = "$(TARGET_NAME)";
				SWIFT_VERSION = 5.0;
				TARGETED_DEVICE_FAMILY = 1;
			};
			name = Release;
		};
/* End XCBuildConfiguration section */

/* Begin XCConfigurationList section */
		ADE69E9623B82A9700EAE27C /* Build configuration list for PBXProject "GitViewer" */ = {
			isa = XCConfigurationList;
			buildConfigurations = (
				ADE69EAD23B82A9900EAE27C /* Debug */,
				ADE69EAE23B82A9900EAE27C /* Release */,
			);
			defaultConfigurationIsVisible = 0;
			defaultConfigurationName = Release;
		};
		ADE69EAF23B82A9900EAE27C /* Build configuration list for PBXNativeTarget "GitViewer" */ = {
			isa = XCConfigurationList;
			buildConfigurations = (
				ADE69EB023B82A9900EAE27C /* Debug */,
				ADE69EB123B82A9900EAE27C /* Release */,
			);
			defaultConfigurationIsVisible = 0;
			defaultConfigurationName = Release;
		};
/* End XCConfigurationList section */
	};
	rootObject = ADE69E9323B82A9700EAE27C /* Project object */;
}
